
Microsoft Visual Studio Solution File, Format Version 12.00
# Visual Studio 14
VisualStudioVersion = 14.0.24720.0
MinimumVisualStudioVersion = 10.0.40219.1
Project("{FAE04EC0-301F-11D3-BF4B-00C04F79EFBC}") = "CustomerDashboard", "CustomerDashboard\CustomerDashboard\CustomerDashboard.csproj", "{44DC3DEC-C47E-444D-93F9-BE0218A2884F}"
EndProject
Project("{FAE04EC0-301F-11D3-BF4B-00C04F79EFBC}") = "CustomerDashboard.Droid", "CustomerDashboard\CustomerDashboard.Droid\CustomerDashboard.Droid.csproj", "{24D46E44-2D4D-468E-BF17-B92EA3368782}"
EndProject
Project("{FAE04EC0-301F-11D3-BF4B-00C04F79EFBC}") = "CustomerDashboard.iOS", "CustomerDashboard\CustomerDashboard.iOS\CustomerDashboard.iOS.csproj", "{0100ADEF-7568-4248-9B7B-A652D834B78D}"
EndProject
Project("{FAE04EC0-301F-11D3-BF4B-00C04F79EFBC}") = "CustomerDashboard.UWP", "CustomerDashboard\CustomerDashboard.UWP\CustomerDashboard.UWP.csproj", "{8A8A32D0-304F-4E16-9A36-744B0BD51D4C}"
EndProject
Project("{FAE04EC0-301F-11D3-BF4B-00C04F79EFBC}") = "CustomerDashboard.Windows", "CustomerDashboard\CustomerDashboard.Windows\CustomerDashboard.Windows.csproj", "{D3E1BEAC-9556-4C18-9C74-E709EC358A46}"
EndProject
Global
	GlobalSection(SolutionConfigurationPlatforms) = preSolution
		Ad-Hoc|Any CPU = Ad-Hoc|Any CPU
		Ad-Hoc|ARM = Ad-Hoc|ARM
		Ad-Hoc|iPhone = Ad-Hoc|iPhone
		Ad-Hoc|iPhoneSimulator = Ad-Hoc|iPhoneSimulator
		Ad-Hoc|x64 = Ad-Hoc|x64
		Ad-Hoc|x86 = Ad-Hoc|x86
		AppStore|Any CPU = AppStore|Any CPU
		AppStore|ARM = AppStore|ARM
		AppStore|iPhone = AppStore|iPhone
		AppStore|iPhoneSimulator = AppStore|iPhoneSimulator
		AppStore|x64 = AppStore|x64
		AppStore|x86 = AppStore|x86
		Debug|Any CPU = Debug|Any CPU
		Debug|ARM = Debug|ARM
		Debug|iPhone = Debug|iPhone
		Debug|iPhoneSimulator = Debug|iPhoneSimulator
		Debug|x64 = Debug|x64
		Debug|x86 = Debug|x86
		Release|Any CPU = Release|Any CPU
		Release|ARM = Release|ARM
		Release|iPhone = Release|iPhone
		Release|iPhoneSimulator = Release|iPhoneSimulator
		Release|x64 = Release|x64
		Release|x86 = Release|x86
	EndGlobalSection
	GlobalSection(ProjectConfigurationPlatforms) = postSolution
		{44DC3DEC-C47E-444D-93F9-BE0218A2884F}.Ad-Hoc|Any CPU.ActiveCfg = Release|Any CPU
		{44DC3DEC-C47E-444D-93F9-BE0218A2884F}.Ad-Hoc|Any CPU.Build.0 = Release|Any CPU
		{44DC3DEC-C47E-444D-93F9-BE0218A2884F}.Ad-Hoc|ARM.ActiveCfg = Release|Any CPU
		{44DC3DEC-C47E-444D-93F9-BE0218A2884F}.Ad-Hoc|ARM.Build.0 = Release|Any CPU
		{44DC3DEC-C47E-444D-93F9-BE0218A2884F}.Ad-Hoc|iPhone.ActiveCfg = Release|Any CPU
		{44DC3DEC-C47E-444D-93F9-BE0218A2884F}.Ad-Hoc|iPhone.Build.0 = Release|Any CPU
		{44DC3DEC-C47E-444D-93F9-BE0218A2884F}.Ad-Hoc|iPhoneSimulator.ActiveCfg = Release|Any CPU
		{44DC3DEC-C47E-444D-93F9-BE0218A2884F}.Ad-Hoc|iPhoneSimulator.Build.0 = Release|Any CPU
		{44DC3DEC-C47E-444D-93F9-BE0218A2884F}.Ad-Hoc|x64.ActiveCfg = Release|Any CPU
		{44DC3DEC-C47E-444D-93F9-BE0218A2884F}.Ad-Hoc|x64.Build.0 = Release|Any CPU
		{44DC3DEC-C47E-444D-93F9-BE0218A2884F}.Ad-Hoc|x86.ActiveCfg = Release|Any CPU
		{44DC3DEC-C47E-444D-93F9-BE0218A2884F}.Ad-Hoc|x86.Build.0 = Release|Any CPU
		{44DC3DEC-C47E-444D-93F9-BE0218A2884F}.AppStore|Any CPU.ActiveCfg = Release|Any CPU
		{44DC3DEC-C47E-444D-93F9-BE0218A2884F}.AppStore|Any CPU.Build.0 = Release|Any CPU
		{44DC3DEC-C47E-444D-93F9-BE0218A2884F}.AppStore|ARM.ActiveCfg = Release|Any CPU
		{44DC3DEC-C47E-444D-93F9-BE0218A2884F}.AppStore|ARM.Build.0 = Release|Any CPU
		{44DC3DEC-C47E-444D-93F9-BE0218A2884F}.AppStore|iPhone.ActiveCfg = Release|Any CPU
		{44DC3DEC-C47E-444D-93F9-BE0218A2884F}.AppStore|iPhone.Build.0 = Release|Any CPU
		{44DC3DEC-C47E-444D-93F9-BE0218A2884F}.AppStore|iPhoneSimulator.ActiveCfg = Release|Any CPU
		{44DC3DEC-C47E-444D-93F9-BE0218A2884F}.AppStore|iPhoneSimulator.Build.0 = Release|Any CPU
		{44DC3DEC-C47E-444D-93F9-BE0218A2884F}.AppStore|x64.ActiveCfg = Release|Any CPU
		{44DC3DEC-C47E-444D-93F9-BE0218A2884F}.AppStore|x64.Build.0 = Release|Any CPU
		{44DC3DEC-C47E-444D-93F9-BE0218A2884F}.AppStore|x86.ActiveCfg = Release|Any CPU
		{44DC3DEC-C47E-444D-93F9-BE0218A2884F}.AppStore|x86.Build.0 = Release|Any CPU
		{44DC3DEC-C47E-444D-93F9-BE0218A2884F}.Debug|Any CPU.ActiveCfg = Debug|Any CPU
		{44DC3DEC-C47E-444D-93F9-BE0218A2884F}.Debug|Any CPU.Build.0 = Debug|Any CPU
		{44DC3DEC-C47E-444D-93F9-BE0218A2884F}.Debug|ARM.ActiveCfg = Debug|Any CPU
		{44DC3DEC-C47E-444D-93F9-BE0218A2884F}.Debug|ARM.Build.0 = Debug|Any CPU
		{44DC3DEC-C47E-444D-93F9-BE0218A2884F}.Debug|iPhone.ActiveCfg = Debug|Any CPU
		{44DC3DEC-C47E-444D-93F9-BE0218A2884F}.Debug|iPhone.Build.0 = Debug|Any CPU
		{44DC3DEC-C47E-444D-93F9-BE0218A2884F}.Debug|iPhoneSimulator.ActiveCfg = Debug|Any CPU
		{44DC3DEC-C47E-444D-93F9-BE0218A2884F}.Debug|iPhoneSimulator.Build.0 = Debug|Any CPU
		{44DC3DEC-C47E-444D-93F9-BE0218A2884F}.Debug|x64.ActiveCfg = Debug|Any CPU
		{44DC3DEC-C47E-444D-93F9-BE0218A2884F}.Debug|x64.Build.0 = Debug|Any CPU
		{44DC3DEC-C47E-444D-93F9-BE0218A2884F}.Debug|x86.ActiveCfg = Debug|Any CPU
		{44DC3DEC-C47E-444D-93F9-BE0218A2884F}.Debug|x86.Build.0 = Debug|Any CPU
		{44DC3DEC-C47E-444D-93F9-BE0218A2884F}.Release|Any CPU.ActiveCfg = Release|Any CPU
		{44DC3DEC-C47E-444D-93F9-BE0218A2884F}.Release|Any CPU.Build.0 = Release|Any CPU
		{44DC3DEC-C47E-444D-93F9-BE0218A2884F}.Release|ARM.ActiveCfg = Release|Any CPU
		{44DC3DEC-C47E-444D-93F9-BE0218A2884F}.Release|ARM.Build.0 = Release|Any CPU
		{44DC3DEC-C47E-444D-93F9-BE0218A2884F}.Release|iPhone.ActiveCfg = Release|Any CPU
		{44DC3DEC-C47E-444D-93F9-BE0218A2884F}.Release|iPhone.Build.0 = Release|Any CPU
		{44DC3DEC-C47E-444D-93F9-BE0218A2884F}.Release|iPhoneSimulator.ActiveCfg = Release|Any CPU
		{44DC3DEC-C47E-444D-93F9-BE0218A2884F}.Release|iPhoneSimulator.Build.0 = Release|Any CPU
		{44DC3DEC-C47E-444D-93F9-BE0218A2884F}.Release|x64.ActiveCfg = Release|Any CPU
		{44DC3DEC-C47E-444D-93F9-BE0218A2884F}.Release|x64.Build.0 = Release|Any CPU
		{44DC3DEC-C47E-444D-93F9-BE0218A2884F}.Release|x86.ActiveCfg = Release|Any CPU
		{44DC3DEC-C47E-444D-93F9-BE0218A2884F}.Release|x86.Build.0 = Release|Any CPU
		{24D46E44-2D4D-468E-BF17-B92EA3368782}.Ad-Hoc|Any CPU.ActiveCfg = Release|Any CPU
		{24D46E44-2D4D-468E-BF17-B92EA3368782}.Ad-Hoc|Any CPU.Build.0 = Release|Any CPU
		{24D46E44-2D4D-468E-BF17-B92EA3368782}.Ad-Hoc|Any CPU.Deploy.0 = Release|Any CPU
		{24D46E44-2D4D-468E-BF17-B92EA3368782}.Ad-Hoc|ARM.ActiveCfg = Release|Any CPU
		{24D46E44-2D4D-468E-BF17-B92EA3368782}.Ad-Hoc|ARM.Build.0 = Release|Any CPU
		{24D46E44-2D4D-468E-BF17-B92EA3368782}.Ad-Hoc|ARM.Deploy.0 = Release|Any CPU
		{24D46E44-2D4D-468E-BF17-B92EA3368782}.Ad-Hoc|iPhone.ActiveCfg = Release|Any CPU
		{24D46E44-2D4D-468E-BF17-B92EA3368782}.Ad-Hoc|iPhone.Build.0 = Release|Any CPU
		{24D46E44-2D4D-468E-BF17-B92EA3368782}.Ad-Hoc|iPhone.Deploy.0 = Release|Any CPU
		{24D46E44-2D4D-468E-BF17-B92EA3368782}.Ad-Hoc|iPhoneSimulator.ActiveCfg = Release|Any CPU
		{24D46E44-2D4D-468E-BF17-B92EA3368782}.Ad-Hoc|iPhoneSimulator.Build.0 = Release|Any CPU
		{24D46E44-2D4D-468E-BF17-B92EA3368782}.Ad-Hoc|iPhoneSimulator.Deploy.0 = Release|Any CPU
		{24D46E44-2D4D-468E-BF17-B92EA3368782}.Ad-Hoc|x64.ActiveCfg = Release|Any CPU
		{24D46E44-2D4D-468E-BF17-B92EA3368782}.Ad-Hoc|x64.Build.0 = Release|Any CPU
		{24D46E44-2D4D-468E-BF17-B92EA3368782}.Ad-Hoc|x64.Deploy.0 = Release|Any CPU
		{24D46E44-2D4D-468E-BF17-B92EA3368782}.Ad-Hoc|x86.ActiveCfg = Release|Any CPU
		{24D46E44-2D4D-468E-BF17-B92EA3368782}.Ad-Hoc|x86.Build.0 = Release|Any CPU
		{24D46E44-2D4D-468E-BF17-B92EA3368782}.Ad-Hoc|x86.Deploy.0 = Release|Any CPU
		{24D46E44-2D4D-468E-BF17-B92EA3368782}.AppStore|Any CPU.ActiveCfg = Release|Any CPU
		{24D46E44-2D4D-468E-BF17-B92EA3368782}.AppStore|Any CPU.Build.0 = Release|Any CPU
		{24D46E44-2D4D-468E-BF17-B92EA3368782}.AppStore|Any CPU.Deploy.0 = Release|Any CPU
		{24D46E44-2D4D-468E-BF17-B92EA3368782}.AppStore|ARM.ActiveCfg = Release|Any CPU
		{24D46E44-2D4D-468E-BF17-B92EA3368782}.AppStore|ARM.Build.0 = Release|Any CPU
		{24D46E44-2D4D-468E-BF17-B92EA3368782}.AppStore|ARM.Deploy.0 = Release|Any CPU
		{24D46E44-2D4D-468E-BF17-B92EA3368782}.AppStore|iPhone.ActiveCfg = Release|Any CPU
		{24D46E44-2D4D-468E-BF17-B92EA3368782}.AppStore|iPhone.Build.0 = Release|Any CPU
		{24D46E44-2D4D-468E-BF17-B92EA3368782}.AppStore|iPhone.Deploy.0 = Release|Any CPU
		{24D46E44-2D4D-468E-BF17-B92EA3368782}.AppStore|iPhoneSimulator.ActiveCfg = Release|Any CPU
		{24D46E44-2D4D-468E-BF17-B92EA3368782}.AppStore|iPhoneSimulator.Build.0 = Release|Any CPU
		{24D46E44-2D4D-468E-BF17-B92EA3368782}.AppStore|iPhoneSimulator.Deploy.0 = Release|Any CPU
		{24D46E44-2D4D-468E-BF17-B92EA3368782}.AppStore|x64.ActiveCfg = Release|Any CPU
		{24D46E44-2D4D-468E-BF17-B92EA3368782}.AppStore|x64.Build.0 = Release|Any CPU
		{24D46E44-2D4D-468E-BF17-B92EA3368782}.AppStore|x64.Deploy.0 = Release|Any CPU
		{24D46E44-2D4D-468E-BF17-B92EA3368782}.AppStore|x86.ActiveCfg = Release|Any CPU
		{24D46E44-2D4D-468E-BF17-B92EA3368782}.AppStore|x86.Build.0 = Release|Any CPU
		{24D46E44-2D4D-468E-BF17-B92EA3368782}.AppStore|x86.Deploy.0 = Release|Any CPU
		{24D46E44-2D4D-468E-BF17-B92EA3368782}.Debug|Any CPU.ActiveCfg = Debug|Any CPU
		{24D46E44-2D4D-468E-BF17-B92EA3368782}.Debug|Any CPU.Build.0 = Debug|Any CPU
		{24D46E44-2D4D-468E-BF17-B92EA3368782}.Debug|Any CPU.Deploy.0 = Debug|Any CPU
		{24D46E44-2D4D-468E-BF17-B92EA3368782}.Debug|ARM.ActiveCfg = Debug|Any CPU
		{24D46E44-2D4D-468E-BF17-B92EA3368782}.Debug|ARM.Build.0 = Debug|Any CPU
		{24D46E44-2D4D-468E-BF17-B92EA3368782}.Debug|ARM.Deploy.0 = Debug|Any CPU
		{24D46E44-2D4D-468E-BF17-B92EA3368782}.Debug|iPhone.ActiveCfg = Debug|Any CPU
		{24D46E44-2D4D-468E-BF17-B92EA3368782}.Debug|iPhone.Build.0 = Debug|Any CPU
		{24D46E44-2D4D-468E-BF17-B92EA3368782}.Debug|iPhone.Deploy.0 = Debug|Any CPU
		{24D46E44-2D4D-468E-BF17-B92EA3368782}.Debug|iPhoneSimulator.ActiveCfg = Debug|Any CPU
		{24D46E44-2D4D-468E-BF17-B92EA3368782}.Debug|iPhoneSimulator.Build.0 = Debug|Any CPU
		{24D46E44-2D4D-468E-BF17-B92EA3368782}.Debug|iPhoneSimulator.Deploy.0 = Debug|Any CPU
		{24D46E44-2D4D-468E-BF17-B92EA3368782}.Debug|x64.ActiveCfg = Debug|Any CPU
		{24D46E44-2D4D-468E-BF17-B92EA3368782}.Debug|x64.Build.0 = Debug|Any CPU
		{24D46E44-2D4D-468E-BF17-B92EA3368782}.Debug|x64.Deploy.0 = Debug|Any CPU
		{24D46E44-2D4D-468E-BF17-B92EA3368782}.Debug|x86.ActiveCfg = Debug|Any CPU
		{24D46E44-2D4D-468E-BF17-B92EA3368782}.Debug|x86.Build.0 = Debug|Any CPU
		{24D46E44-2D4D-468E-BF17-B92EA3368782}.Debug|x86.Deploy.0 = Debug|Any CPU
		{24D46E44-2D4D-468E-BF17-B92EA3368782}.Release|Any CPU.ActiveCfg = Release|Any CPU
		{24D46E44-2D4D-468E-BF17-B92EA3368782}.Release|Any CPU.Build.0 = Release|Any CPU
		{24D46E44-2D4D-468E-BF17-B92EA3368782}.Release|Any CPU.Deploy.0 = Release|Any CPU
		{24D46E44-2D4D-468E-BF17-B92EA3368782}.Release|ARM.ActiveCfg = Release|Any CPU
		{24D46E44-2D4D-468E-BF17-B92EA3368782}.Release|ARM.Build.0 = Release|Any CPU
		{24D46E44-2D4D-468E-BF17-B92EA3368782}.Release|ARM.Deploy.0 = Release|Any CPU
		{24D46E44-2D4D-468E-BF17-B92EA3368782}.Release|iPhone.ActiveCfg = Release|Any CPU
		{24D46E44-2D4D-468E-BF17-B92EA3368782}.Release|iPhone.Build.0 = Release|Any CPU
		{24D46E44-2D4D-468E-BF17-B92EA3368782}.Release|iPhone.Deploy.0 = Release|Any CPU
		{24D46E44-2D4D-468E-BF17-B92EA3368782}.Release|iPhoneSimulator.ActiveCfg = Release|Any CPU
		{24D46E44-2D4D-468E-BF17-B92EA3368782}.Release|iPhoneSimulator.Build.0 = Release|Any CPU
		{24D46E44-2D4D-468E-BF17-B92EA3368782}.Release|iPhoneSimulator.Deploy.0 = Release|Any CPU
		{24D46E44-2D4D-468E-BF17-B92EA3368782}.Release|x64.ActiveCfg = Release|Any CPU
		{24D46E44-2D4D-468E-BF17-B92EA3368782}.Release|x64.Build.0 = Release|Any CPU
		{24D46E44-2D4D-468E-BF17-B92EA3368782}.Release|x64.Deploy.0 = Release|Any CPU
		{24D46E44-2D4D-468E-BF17-B92EA3368782}.Release|x86.ActiveCfg = Release|Any CPU
		{24D46E44-2D4D-468E-BF17-B92EA3368782}.Release|x86.Build.0 = Release|Any CPU
		{24D46E44-2D4D-468E-BF17-B92EA3368782}.Release|x86.Deploy.0 = Release|Any CPU
		{0100ADEF-7568-4248-9B7B-A652D834B78D}.Ad-Hoc|Any CPU.ActiveCfg = Ad-Hoc|iPhone
		{0100ADEF-7568-4248-9B7B-A652D834B78D}.Ad-Hoc|ARM.ActiveCfg = Ad-Hoc|iPhone
		{0100ADEF-7568-4248-9B7B-A652D834B78D}.Ad-Hoc|iPhone.ActiveCfg = Ad-Hoc|iPhone
		{0100ADEF-7568-4248-9B7B-A652D834B78D}.Ad-Hoc|iPhone.Build.0 = Ad-Hoc|iPhone
		{0100ADEF-7568-4248-9B7B-A652D834B78D}.Ad-Hoc|iPhoneSimulator.ActiveCfg = Ad-Hoc|iPhoneSimulator
		{0100ADEF-7568-4248-9B7B-A652D834B78D}.Ad-Hoc|iPhoneSimulator.Build.0 = Ad-Hoc|iPhoneSimulator
		{0100ADEF-7568-4248-9B7B-A652D834B78D}.Ad-Hoc|x64.ActiveCfg = Ad-Hoc|iPhone
		{0100ADEF-7568-4248-9B7B-A652D834B78D}.Ad-Hoc|x86.ActiveCfg = Ad-Hoc|iPhone
		{0100ADEF-7568-4248-9B7B-A652D834B78D}.AppStore|Any CPU.ActiveCfg = AppStore|iPhone
		{0100ADEF-7568-4248-9B7B-A652D834B78D}.AppStore|ARM.ActiveCfg = AppStore|iPhone
		{0100ADEF-7568-4248-9B7B-A652D834B78D}.AppStore|iPhone.ActiveCfg = AppStore|iPhone
		{0100ADEF-7568-4248-9B7B-A652D834B78D}.AppStore|iPhone.Build.0 = AppStore|iPhone
		{0100ADEF-7568-4248-9B7B-A652D834B78D}.AppStore|iPhoneSimulator.ActiveCfg = AppStore|iPhoneSimulator
		{0100ADEF-7568-4248-9B7B-A652D834B78D}.AppStore|iPhoneSimulator.Build.0 = AppStore|iPhoneSimulator
		{0100ADEF-7568-4248-9B7B-A652D834B78D}.AppStore|x64.ActiveCfg = AppStore|iPhone
		{0100ADEF-7568-4248-9B7B-A652D834B78D}.AppStore|x86.ActiveCfg = AppStore|iPhone
		{0100ADEF-7568-4248-9B7B-A652D834B78D}.Debug|Any CPU.ActiveCfg = Debug|iPhone
		{0100ADEF-7568-4248-9B7B-A652D834B78D}.Debug|ARM.ActiveCfg = Debug|iPhone
		{0100ADEF-7568-4248-9B7B-A652D834B78D}.Debug|iPhone.ActiveCfg = Debug|iPhone
		{0100ADEF-7568-4248-9B7B-A652D834B78D}.Debug|iPhone.Build.0 = Debug|iPhone
		{0100ADEF-7568-4248-9B7B-A652D834B78D}.Debug|iPhoneSimulator.ActiveCfg = Debug|iPhoneSimulator
		{0100ADEF-7568-4248-9B7B-A652D834B78D}.Debug|iPhoneSimulator.Build.0 = Debug|iPhoneSimulator
		{0100ADEF-7568-4248-9B7B-A652D834B78D}.Debug|x64.ActiveCfg = Debug|iPhone
		{0100ADEF-7568-4248-9B7B-A652D834B78D}.Debug|x86.ActiveCfg = Debug|iPhone
		{0100ADEF-7568-4248-9B7B-A652D834B78D}.Release|Any CPU.ActiveCfg = Release|iPhone
		{0100ADEF-7568-4248-9B7B-A652D834B78D}.Release|ARM.ActiveCfg = Release|iPhone
		{0100ADEF-7568-4248-9B7B-A652D834B78D}.Release|iPhone.ActiveCfg = Release|iPhone
		{0100ADEF-7568-4248-9B7B-A652D834B78D}.Release|iPhone.Build.0 = Release|iPhone
		{0100ADEF-7568-4248-9B7B-A652D834B78D}.Release|iPhoneSimulator.ActiveCfg = Release|iPhoneSimulator
		{0100ADEF-7568-4248-9B7B-A652D834B78D}.Release|iPhoneSimulator.Build.0 = Release|iPhoneSimulator
		{0100ADEF-7568-4248-9B7B-A652D834B78D}.Release|x64.ActiveCfg = Release|iPhone
		{0100ADEF-7568-4248-9B7B-A652D834B78D}.Release|x86.ActiveCfg = Release|iPhone
		{8A8A32D0-304F-4E16-9A36-744B0BD51D4C}.Ad-Hoc|Any CPU.ActiveCfg = Release|x86
		{8A8A32D0-304F-4E16-9A36-744B0BD51D4C}.Ad-Hoc|Any CPU.Build.0 = Release|x86
		{8A8A32D0-304F-4E16-9A36-744B0BD51D4C}.Ad-Hoc|Any CPU.Deploy.0 = Release|x86
		{8A8A32D0-304F-4E16-9A36-744B0BD51D4C}.Ad-Hoc|ARM.ActiveCfg = Release|ARM
		{8A8A32D0-304F-4E16-9A36-744B0BD51D4C}.Ad-Hoc|ARM.Build.0 = Release|ARM
		{8A8A32D0-304F-4E16-9A36-744B0BD51D4C}.Ad-Hoc|ARM.Deploy.0 = Release|ARM
		{8A8A32D0-304F-4E16-9A36-744B0BD51D4C}.Ad-Hoc|iPhone.ActiveCfg = Release|x86
		{8A8A32D0-304F-4E16-9A36-744B0BD51D4C}.Ad-Hoc|iPhone.Build.0 = Release|x86
		{8A8A32D0-304F-4E16-9A36-744B0BD51D4C}.Ad-Hoc|iPhone.Deploy.0 = Release|x86
		{8A8A32D0-304F-4E16-9A36-744B0BD51D4C}.Ad-Hoc|iPhoneSimulator.ActiveCfg = Release|x86
		{8A8A32D0-304F-4E16-9A36-744B0BD51D4C}.Ad-Hoc|iPhoneSimulator.Build.0 = Release|x86
		{8A8A32D0-304F-4E16-9A36-744B0BD51D4C}.Ad-Hoc|iPhoneSimulator.Deploy.0 = Release|x86
		{8A8A32D0-304F-4E16-9A36-744B0BD51D4C}.Ad-Hoc|x64.ActiveCfg = Release|x64
		{8A8A32D0-304F-4E16-9A36-744B0BD51D4C}.Ad-Hoc|x64.Build.0 = Release|x64
		{8A8A32D0-304F-4E16-9A36-744B0BD51D4C}.Ad-Hoc|x64.Deploy.0 = Release|x64
		{8A8A32D0-304F-4E16-9A36-744B0BD51D4C}.Ad-Hoc|x86.ActiveCfg = Release|x86
		{8A8A32D0-304F-4E16-9A36-744B0BD51D4C}.Ad-Hoc|x86.Build.0 = Release|x86
		{8A8A32D0-304F-4E16-9A36-744B0BD51D4C}.Ad-Hoc|x86.Deploy.0 = Release|x86
		{8A8A32D0-304F-4E16-9A36-744B0BD51D4C}.AppStore|Any CPU.ActiveCfg = Release|x86
		{8A8A32D0-304F-4E16-9A36-744B0BD51D4C}.AppStore|Any CPU.Build.0 = Release|x86
		{8A8A32D0-304F-4E16-9A36-744B0BD51D4C}.AppStore|Any CPU.Deploy.0 = Release|x86
		{8A8A32D0-304F-4E16-9A36-744B0BD51D4C}.AppStore|ARM.ActiveCfg = Release|ARM
		{8A8A32D0-304F-4E16-9A36-744B0BD51D4C}.AppStore|ARM.Build.0 = Release|ARM
		{8A8A32D0-304F-4E16-9A36-744B0BD51D4C}.AppStore|ARM.Deploy.0 = Release|ARM
		{8A8A32D0-304F-4E16-9A36-744B0BD51D4C}.AppStore|iPhone.ActiveCfg = Release|x86
		{8A8A32D0-304F-4E16-9A36-744B0BD51D4C}.AppStore|iPhone.Build.0 = Release|x86
		{8A8A32D0-304F-4E16-9A36-744B0BD51D4C}.AppStore|iPhone.Deploy.0 = Release|x86
		{8A8A32D0-304F-4E16-9A36-744B0BD51D4C}.AppStore|iPhoneSimulator.ActiveCfg = Release|x86
		{8A8A32D0-304F-4E16-9A36-744B0BD51D4C}.AppStore|iPhoneSimulator.Build.0 = Release|x86
		{8A8A32D0-304F-4E16-9A36-744B0BD51D4C}.AppStore|iPhoneSimulator.Deploy.0 = Release|x86
		{8A8A32D0-304F-4E16-9A36-744B0BD51D4C}.AppStore|x64.ActiveCfg = Release|x64
		{8A8A32D0-304F-4E16-9A36-744B0BD51D4C}.AppStore|x64.Build.0 = Release|x64
		{8A8A32D0-304F-4E16-9A36-744B0BD51D4C}.AppStore|x64.Deploy.0 = Release|x64
		{8A8A32D0-304F-4E16-9A36-744B0BD51D4C}.AppStore|x86.ActiveCfg = Release|x86
		{8A8A32D0-304F-4E16-9A36-744B0BD51D4C}.AppStore|x86.Build.0 = Release|x86
		{8A8A32D0-304F-4E16-9A36-744B0BD51D4C}.AppStore|x86.Deploy.0 = Release|x86
		{8A8A32D0-304F-4E16-9A36-744B0BD51D4C}.Debug|Any CPU.ActiveCfg = Debug|x86
		{8A8A32D0-304F-4E16-9A36-744B0BD51D4C}.Debug|Any CPU.Build.0 = Debug|x86
		{8A8A32D0-304F-4E16-9A36-744B0BD51D4C}.Debug|Any CPU.Deploy.0 = Debug|x86
		{8A8A32D0-304F-4E16-9A36-744B0BD51D4C}.Debug|ARM.ActiveCfg = Debug|ARM
		{8A8A32D0-304F-4E16-9A36-744B0BD51D4C}.Debug|ARM.Build.0 = Debug|ARM
		{8A8A32D0-304F-4E16-9A36-744B0BD51D4C}.Debug|ARM.Deploy.0 = Debug|ARM
		{8A8A32D0-304F-4E16-9A36-744B0BD51D4C}.Debug|iPhone.ActiveCfg = Debug|x86
		{8A8A32D0-304F-4E16-9A36-744B0BD51D4C}.Debug|iPhoneSimulator.ActiveCfg = Debug|x86
		{8A8A32D0-304F-4E16-9A36-744B0BD51D4C}.Debug|x64.ActiveCfg = Debug|x64
		{8A8A32D0-304F-4E16-9A36-744B0BD51D4C}.Debug|x64.Build.0 = Debug|x64
		{8A8A32D0-304F-4E16-9A36-744B0BD51D4C}.Debug|x64.Deploy.0 = Debug|x64
		{8A8A32D0-304F-4E16-9A36-744B0BD51D4C}.Debug|x86.ActiveCfg = Debug|x86
		{8A8A32D0-304F-4E16-9A36-744B0BD51D4C}.Debug|x86.Build.0 = Debug|x86
		{8A8A32D0-304F-4E16-9A36-744B0BD51D4C}.Debug|x86.Deploy.0 = Debug|x86
		{8A8A32D0-304F-4E16-9A36-744B0BD51D4C}.Release|Any CPU.ActiveCfg = Release|x86
		{8A8A32D0-304F-4E16-9A36-744B0BD51D4C}.Release|ARM.ActiveCfg = Release|ARM
		{8A8A32D0-304F-4E16-9A36-744B0BD51D4C}.Release|ARM.Build.0 = Release|ARM
		{8A8A32D0-304F-4E16-9A36-744B0BD51D4C}.Release|ARM.Deploy.0 = Release|ARM
		{8A8A32D0-304F-4E16-9A36-744B0BD51D4C}.Release|iPhone.ActiveCfg = Release|x86
		{8A8A32D0-304F-4E16-9A36-744B0BD51D4C}.Release|iPhoneSimulator.ActiveCfg = Release|x86
		{8A8A32D0-304F-4E16-9A36-744B0BD51D4C}.Release|x64.ActiveCfg = Release|x64
		{8A8A32D0-304F-4E16-9A36-744B0BD51D4C}.Release|x64.Build.0 = Release|x64
		{8A8A32D0-304F-4E16-9A36-744B0BD51D4C}.Release|x64.Deploy.0 = Release|x64
		{8A8A32D0-304F-4E16-9A36-744B0BD51D4C}.Release|x86.ActiveCfg = Release|x86
		{8A8A32D0-304F-4E16-9A36-744B0BD51D4C}.Release|x86.Build.0 = Release|x86
		{8A8A32D0-304F-4E16-9A36-744B0BD51D4C}.Release|x86.Deploy.0 = Release|x86
		{D3E1BEAC-9556-4C18-9C74-E709EC358A46}.Ad-Hoc|Any CPU.ActiveCfg = Release|Any CPU
		{D3E1BEAC-9556-4C18-9C74-E709EC358A46}.Ad-Hoc|Any CPU.Build.0 = Release|Any CPU
		{D3E1BEAC-9556-4C18-9C74-E709EC358A46}.Ad-Hoc|Any CPU.Deploy.0 = Release|Any CPU
		{D3E1BEAC-9556-4C18-9C74-E709EC358A46}.Ad-Hoc|ARM.ActiveCfg = Release|ARM
		{D3E1BEAC-9556-4C18-9C74-E709EC358A46}.Ad-Hoc|ARM.Build.0 = Release|ARM
		{D3E1BEAC-9556-4C18-9C74-E709EC358A46}.Ad-Hoc|ARM.Deploy.0 = Release|ARM
		{D3E1BEAC-9556-4C18-9C74-E709EC358A46}.Ad-Hoc|iPhone.ActiveCfg = Release|Any CPU
		{D3E1BEAC-9556-4C18-9C74-E709EC358A46}.Ad-Hoc|iPhone.Build.0 = Release|Any CPU
		{D3E1BEAC-9556-4C18-9C74-E709EC358A46}.Ad-Hoc|iPhone.Deploy.0 = Release|Any CPU
		{D3E1BEAC-9556-4C18-9C74-E709EC358A46}.Ad-Hoc|iPhoneSimulator.ActiveCfg = Release|Any CPU
		{D3E1BEAC-9556-4C18-9C74-E709EC358A46}.Ad-Hoc|iPhoneSimulator.Build.0 = Release|Any CPU
		{D3E1BEAC-9556-4C18-9C74-E709EC358A46}.Ad-Hoc|iPhoneSimulator.Deploy.0 = Release|Any CPU
		{D3E1BEAC-9556-4C18-9C74-E709EC358A46}.Ad-Hoc|x64.ActiveCfg = Release|x64
		{D3E1BEAC-9556-4C18-9C74-E709EC358A46}.Ad-Hoc|x64.Build.0 = Release|x64
		{D3E1BEAC-9556-4C18-9C74-E709EC358A46}.Ad-Hoc|x64.Deploy.0 = Release|x64
		{D3E1BEAC-9556-4C18-9C74-E709EC358A46}.Ad-Hoc|x86.ActiveCfg = Release|x86
		{D3E1BEAC-9556-4C18-9C74-E709EC358A46}.Ad-Hoc|x86.Build.0 = Release|x86
		{D3E1BEAC-9556-4C18-9C74-E709EC358A46}.Ad-Hoc|x86.Deploy.0 = Release|x86
		{D3E1BEAC-9556-4C18-9C74-E709EC358A46}.AppStore|Any CPU.ActiveCfg = Release|Any CPU
		{D3E1BEAC-9556-4C18-9C74-E709EC358A46}.AppStore|Any CPU.Build.0 = Release|Any CPU
		{D3E1BEAC-9556-4C18-9C74-E709EC358A46}.AppStore|Any CPU.Deploy.0 = Release|Any CPU
		{D3E1BEAC-9556-4C18-9C74-E709EC358A46}.AppStore|ARM.ActiveCfg = Release|ARM
		{D3E1BEAC-9556-4C18-9C74-E709EC358A46}.AppStore|ARM.Build.0 = Release|ARM
		{D3E1BEAC-9556-4C18-9C74-E709EC358A46}.AppStore|ARM.Deploy.0 = Release|ARM
		{D3E1BEAC-9556-4C18-9C74-E709EC358A46}.AppStore|iPhone.ActiveCfg = Release|Any CPU
		{D3E1BEAC-9556-4C18-9C74-E709EC358A46}.AppStore|iPhone.Build.0 = Release|Any CPU
		{D3E1BEAC-9556-4C18-9C74-E709EC358A46}.AppStore|iPhone.Deploy.0 = Release|Any CPU
		{D3E1BEAC-9556-4C18-9C74-E709EC358A46}.AppStore|iPhoneSimulator.ActiveCfg = Release|Any CPU
		{D3E1BEAC-9556-4C18-9C74-E709EC358A46}.AppStore|iPhoneSimulator.Build.0 = Release|Any CPU
		{D3E1BEAC-9556-4C18-9C74-E709EC358A46}.AppStore|iPhoneSimulator.Deploy.0 = Release|Any CPU
		{D3E1BEAC-9556-4C18-9C74-E709EC358A46}.AppStore|x64.ActiveCfg = Release|x64
		{D3E1BEAC-9556-4C18-9C74-E709EC358A46}.AppStore|x64.Build.0 = Release|x64
		{D3E1BEAC-9556-4C18-9C74-E709EC358A46}.AppStore|x64.Deploy.0 = Release|x64
		{D3E1BEAC-9556-4C18-9C74-E709EC358A46}.AppStore|x86.ActiveCfg = Release|x86
		{D3E1BEAC-9556-4C18-9C74-E709EC358A46}.AppStore|x86.Build.0 = Release|x86
		{D3E1BEAC-9556-4C18-9C74-E709EC358A46}.AppStore|x86.Deploy.0 = Release|x86
		{D3E1BEAC-9556-4C18-9C74-E709EC358A46}.Debug|Any CPU.ActiveCfg = Debug|Any CPU
		{D3E1BEAC-9556-4C18-9C74-E709EC358A46}.Debug|Any CPU.Build.0 = Debug|Any CPU
		{D3E1BEAC-9556-4C18-9C74-E709EC358A46}.Debug|Any CPU.Deploy.0 = Debug|Any CPU
		{D3E1BEAC-9556-4C18-9C74-E709EC358A46}.Debug|ARM.ActiveCfg = Debug|ARM
		{D3E1BEAC-9556-4C18-9C74-E709EC358A46}.Debug|ARM.Build.0 = Debug|ARM
		{D3E1BEAC-9556-4C18-9C74-E709EC358A46}.Debug|ARM.Deploy.0 = Debug|ARM
		{D3E1BEAC-9556-4C18-9C74-E709EC358A46}.Debug|iPhone.ActiveCfg = Debug|Any CPU
		{D3E1BEAC-9556-4C18-9C74-E709EC358A46}.Debug|iPhone.Build.0 = Debug|Any CPU
		{D3E1BEAC-9556-4C18-9C74-E709EC358A46}.Debug|iPhone.Deploy.0 = Debug|Any CPU
		{D3E1BEAC-9556-4C18-9C74-E709EC358A46}.Debug|iPhoneSimulator.ActiveCfg = Debug|Any CPU
		{D3E1BEAC-9556-4C18-9C74-E709EC358A46}.Debug|iPhoneSimulator.Build.0 = Debug|Any CPU
		{D3E1BEAC-9556-4C18-9C74-E709EC358A46}.Debug|iPhoneSimulator.Deploy.0 = Debug|Any CPU
		{D3E1BEAC-9556-4C18-9C74-E709EC358A46}.Debug|x64.ActiveCfg = Debug|x64
		{D3E1BEAC-9556-4C18-9C74-E709EC358A46}.Debug|x64.Build.0 = Debug|x64
		{D3E1BEAC-9556-4C18-9C74-E709EC358A46}.Debug|x64.Deploy.0 = Debug|x64
		{D3E1BEAC-9556-4C18-9C74-E709EC358A46}.Debug|x86.ActiveCfg = Debug|x86
		{D3E1BEAC-9556-4C18-9C74-E709EC358A46}.Debug|x86.Build.0 = Debug|x86
		{D3E1BEAC-9556-4C18-9C74-E709EC358A46}.Debug|x86.Deploy.0 = Debug|x86
		{D3E1BEAC-9556-4C18-9C74-E709EC358A46}.Release|Any CPU.ActiveCfg = Release|Any CPU
		{D3E1BEAC-9556-4C18-9C74-E709EC358A46}.Release|Any CPU.Build.0 = Release|Any CPU
		{D3E1BEAC-9556-4C18-9C74-E709EC358A46}.Release|Any CPU.Deploy.0 = Release|Any CPU
		{D3E1BEAC-9556-4C18-9C74-E709EC358A46}.Release|ARM.ActiveCfg = Release|ARM
		{D3E1BEAC-9556-4C18-9C74-E709EC358A46}.Release|ARM.Build.0 = Release|ARM
		{D3E1BEAC-9556-4C18-9C74-E709EC358A46}.Release|ARM.Deploy.0 = Release|ARM
		{D3E1BEAC-9556-4C18-9C74-E709EC358A46}.Release|iPhone.ActiveCfg = Release|Any CPU
		{D3E1BEAC-9556-4C18-9C74-E709EC358A46}.Release|iPhone.Build.0 = Release|Any CPU
		{D3E1BEAC-9556-4C18-9C74-E709EC358A46}.Release|iPhone.Deploy.0 = Release|Any CPU
		{D3E1BEAC-9556-4C18-9C74-E709EC358A46}.Release|iPhoneSimulator.ActiveCfg = Release|Any CPU
		{D3E1BEAC-9556-4C18-9C74-E709EC358A46}.Release|iPhoneSimulator.Build.0 = Release|Any CPU
		{D3E1BEAC-9556-4C18-9C74-E709EC358A46}.Release|iPhoneSimulator.Deploy.0 = Release|Any CPU
		{D3E1BEAC-9556-4C18-9C74-E709EC358A46}.Release|x64.ActiveCfg = Release|x64
		{D3E1BEAC-9556-4C18-9C74-E709EC358A46}.Release|x64.Build.0 = Release|x64
		{D3E1BEAC-9556-4C18-9C74-E709EC358A46}.Release|x64.Deploy.0 = Release|x64
		{D3E1BEAC-9556-4C18-9C74-E709EC358A46}.Release|x86.ActiveCfg = Release|x86
		{D3E1BEAC-9556-4C18-9C74-E709EC358A46}.Release|x86.Build.0 = Release|x86
		{D3E1BEAC-9556-4C18-9C74-E709EC358A46}.Release|x86.Deploy.0 = Release|x86
	EndGlobalSection
	GlobalSection(SolutionProperties) = preSolution
		HideSolutionNode = FALSE
	EndGlobalSection
EndGlobal
