
Microsoft Visual Studio Solution File, Format Version 12.00
# Visual Studio 14
VisualStudioVersion = 14.0.25123.0
MinimumVisualStudioVersion = 10.0.40219.1
Project("{FAE04EC0-301F-11D3-BF4B-00C04F79EFBC}") = "XF_SalesDashboard.Droid", "XF_SalesDashboard\XF_SalesDashboard.Droid\XF_SalesDashboard.Droid.csproj", "{CB7B35E4-AE7D-42B3-83D1-EA5ACE271369}"
EndProject
Project("{FAE04EC0-301F-11D3-BF4B-00C04F79EFBC}") = "XF_SalesDashboard.iOS", "XF_SalesDashboard\XF_SalesDashboard.iOS\XF_SalesDashboard.iOS.csproj", "{27C29314-CC94-4755-B887-97A3E7391981}"
EndProject
Project("{FAE04EC0-301F-11D3-BF4B-00C04F79EFBC}") = "XF_SalesDashboard.UWP", "XF_SalesDashboard\XF_SalesDashboard.UWP\XF_SalesDashboard.UWP.csproj", "{5C063499-1825-49E7-8CB8-76D070D0BFAB}"
EndProject
Project("{FAE04EC0-301F-11D3-BF4B-00C04F79EFBC}") = "XF_SalesDashboard", "XF_SalesDashboard\XF_SalesDashboard\XF_SalesDashboard.csproj", "{01FEF8AF-BB4E-41E2-A406-663102F82F36}"
EndProject
Global
	GlobalSection(SolutionConfigurationPlatforms) = preSolution
		Ad-Hoc|Any CPU = Ad-Hoc|Any CPU
		Ad-Hoc|ARM = Ad-Hoc|ARM
		Ad-Hoc|iPhone = Ad-Hoc|iPhone
		Ad-Hoc|iPhoneSimulator = Ad-Hoc|iPhoneSimulator
		Ad-Hoc|x64 = Ad-Hoc|x64
		Ad-Hoc|x86 = Ad-Hoc|x86
		AppStore|Any CPU = AppStore|Any CPU
		AppStore|ARM = AppStore|ARM
		AppStore|iPhone = AppStore|iPhone
		AppStore|iPhoneSimulator = AppStore|iPhoneSimulator
		AppStore|x64 = AppStore|x64
		AppStore|x86 = AppStore|x86
		Debug|Any CPU = Debug|Any CPU
		Debug|ARM = Debug|ARM
		Debug|iPhone = Debug|iPhone
		Debug|iPhoneSimulator = Debug|iPhoneSimulator
		Debug|x64 = Debug|x64
		Debug|x86 = Debug|x86
		Release|Any CPU = Release|Any CPU
		Release|ARM = Release|ARM
		Release|iPhone = Release|iPhone
		Release|iPhoneSimulator = Release|iPhoneSimulator
		Release|x64 = Release|x64
		Release|x86 = Release|x86
	EndGlobalSection
	GlobalSection(ProjectConfigurationPlatforms) = postSolution
		{CB7B35E4-AE7D-42B3-83D1-EA5ACE271369}.Ad-Hoc|Any CPU.ActiveCfg = Release|Any CPU
		{CB7B35E4-AE7D-42B3-83D1-EA5ACE271369}.Ad-Hoc|Any CPU.Build.0 = Release|Any CPU
		{CB7B35E4-AE7D-42B3-83D1-EA5ACE271369}.Ad-Hoc|Any CPU.Deploy.0 = Release|Any CPU
		{CB7B35E4-AE7D-42B3-83D1-EA5ACE271369}.Ad-Hoc|ARM.ActiveCfg = Release|Any CPU
		{CB7B35E4-AE7D-42B3-83D1-EA5ACE271369}.Ad-Hoc|ARM.Build.0 = Release|Any CPU
		{CB7B35E4-AE7D-42B3-83D1-EA5ACE271369}.Ad-Hoc|ARM.Deploy.0 = Release|Any CPU
		{CB7B35E4-AE7D-42B3-83D1-EA5ACE271369}.Ad-Hoc|iPhone.ActiveCfg = Release|Any CPU
		{CB7B35E4-AE7D-42B3-83D1-EA5ACE271369}.Ad-Hoc|iPhone.Build.0 = Release|Any CPU
		{CB7B35E4-AE7D-42B3-83D1-EA5ACE271369}.Ad-Hoc|iPhone.Deploy.0 = Release|Any CPU
		{CB7B35E4-AE7D-42B3-83D1-EA5ACE271369}.Ad-Hoc|iPhoneSimulator.ActiveCfg = Release|Any CPU
		{CB7B35E4-AE7D-42B3-83D1-EA5ACE271369}.Ad-Hoc|iPhoneSimulator.Build.0 = Release|Any CPU
		{CB7B35E4-AE7D-42B3-83D1-EA5ACE271369}.Ad-Hoc|iPhoneSimulator.Deploy.0 = Release|Any CPU
		{CB7B35E4-AE7D-42B3-83D1-EA5ACE271369}.Ad-Hoc|x64.ActiveCfg = Release|Any CPU
		{CB7B35E4-AE7D-42B3-83D1-EA5ACE271369}.Ad-Hoc|x64.Build.0 = Release|Any CPU
		{CB7B35E4-AE7D-42B3-83D1-EA5ACE271369}.Ad-Hoc|x64.Deploy.0 = Release|Any CPU
		{CB7B35E4-AE7D-42B3-83D1-EA5ACE271369}.Ad-Hoc|x86.ActiveCfg = Release|Any CPU
		{CB7B35E4-AE7D-42B3-83D1-EA5ACE271369}.Ad-Hoc|x86.Build.0 = Release|Any CPU
		{CB7B35E4-AE7D-42B3-83D1-EA5ACE271369}.Ad-Hoc|x86.Deploy.0 = Release|Any CPU
		{CB7B35E4-AE7D-42B3-83D1-EA5ACE271369}.AppStore|Any CPU.ActiveCfg = Release|Any CPU
		{CB7B35E4-AE7D-42B3-83D1-EA5ACE271369}.AppStore|Any CPU.Build.0 = Release|Any CPU
		{CB7B35E4-AE7D-42B3-83D1-EA5ACE271369}.AppStore|Any CPU.Deploy.0 = Release|Any CPU
		{CB7B35E4-AE7D-42B3-83D1-EA5ACE271369}.AppStore|ARM.ActiveCfg = Release|Any CPU
		{CB7B35E4-AE7D-42B3-83D1-EA5ACE271369}.AppStore|ARM.Build.0 = Release|Any CPU
		{CB7B35E4-AE7D-42B3-83D1-EA5ACE271369}.AppStore|ARM.Deploy.0 = Release|Any CPU
		{CB7B35E4-AE7D-42B3-83D1-EA5ACE271369}.AppStore|iPhone.ActiveCfg = Release|Any CPU
		{CB7B35E4-AE7D-42B3-83D1-EA5ACE271369}.AppStore|iPhone.Build.0 = Release|Any CPU
		{CB7B35E4-AE7D-42B3-83D1-EA5ACE271369}.AppStore|iPhone.Deploy.0 = Release|Any CPU
		{CB7B35E4-AE7D-42B3-83D1-EA5ACE271369}.AppStore|iPhoneSimulator.ActiveCfg = Release|Any CPU
		{CB7B35E4-AE7D-42B3-83D1-EA5ACE271369}.AppStore|iPhoneSimulator.Build.0 = Release|Any CPU
		{CB7B35E4-AE7D-42B3-83D1-EA5ACE271369}.AppStore|iPhoneSimulator.Deploy.0 = Release|Any CPU
		{CB7B35E4-AE7D-42B3-83D1-EA5ACE271369}.AppStore|x64.ActiveCfg = Release|Any CPU
		{CB7B35E4-AE7D-42B3-83D1-EA5ACE271369}.AppStore|x64.Build.0 = Release|Any CPU
		{CB7B35E4-AE7D-42B3-83D1-EA5ACE271369}.AppStore|x64.Deploy.0 = Release|Any CPU
		{CB7B35E4-AE7D-42B3-83D1-EA5ACE271369}.AppStore|x86.ActiveCfg = Release|Any CPU
		{CB7B35E4-AE7D-42B3-83D1-EA5ACE271369}.AppStore|x86.Build.0 = Release|Any CPU
		{CB7B35E4-AE7D-42B3-83D1-EA5ACE271369}.AppStore|x86.Deploy.0 = Release|Any CPU
		{CB7B35E4-AE7D-42B3-83D1-EA5ACE271369}.Debug|Any CPU.ActiveCfg = Debug|Any CPU
		{CB7B35E4-AE7D-42B3-83D1-EA5ACE271369}.Debug|Any CPU.Build.0 = Debug|Any CPU
		{CB7B35E4-AE7D-42B3-83D1-EA5ACE271369}.Debug|Any CPU.Deploy.0 = Debug|Any CPU
		{CB7B35E4-AE7D-42B3-83D1-EA5ACE271369}.Debug|ARM.ActiveCfg = Debug|Any CPU
		{CB7B35E4-AE7D-42B3-83D1-EA5ACE271369}.Debug|ARM.Build.0 = Debug|Any CPU
		{CB7B35E4-AE7D-42B3-83D1-EA5ACE271369}.Debug|ARM.Deploy.0 = Debug|Any CPU
		{CB7B35E4-AE7D-42B3-83D1-EA5ACE271369}.Debug|iPhone.ActiveCfg = Debug|Any CPU
		{CB7B35E4-AE7D-42B3-83D1-EA5ACE271369}.Debug|iPhone.Build.0 = Debug|Any CPU
		{CB7B35E4-AE7D-42B3-83D1-EA5ACE271369}.Debug|iPhone.Deploy.0 = Debug|Any CPU
		{CB7B35E4-AE7D-42B3-83D1-EA5ACE271369}.Debug|iPhoneSimulator.ActiveCfg = Debug|Any CPU
		{CB7B35E4-AE7D-42B3-83D1-EA5ACE271369}.Debug|iPhoneSimulator.Build.0 = Debug|Any CPU
		{CB7B35E4-AE7D-42B3-83D1-EA5ACE271369}.Debug|iPhoneSimulator.Deploy.0 = Debug|Any CPU
		{CB7B35E4-AE7D-42B3-83D1-EA5ACE271369}.Debug|x64.ActiveCfg = Debug|Any CPU
		{CB7B35E4-AE7D-42B3-83D1-EA5ACE271369}.Debug|x64.Build.0 = Debug|Any CPU
		{CB7B35E4-AE7D-42B3-83D1-EA5ACE271369}.Debug|x64.Deploy.0 = Debug|Any CPU
		{CB7B35E4-AE7D-42B3-83D1-EA5ACE271369}.Debug|x86.ActiveCfg = Debug|Any CPU
		{CB7B35E4-AE7D-42B3-83D1-EA5ACE271369}.Debug|x86.Build.0 = Debug|Any CPU
		{CB7B35E4-AE7D-42B3-83D1-EA5ACE271369}.Debug|x86.Deploy.0 = Debug|Any CPU
		{CB7B35E4-AE7D-42B3-83D1-EA5ACE271369}.Release|Any CPU.ActiveCfg = Release|Any CPU
		{CB7B35E4-AE7D-42B3-83D1-EA5ACE271369}.Release|Any CPU.Build.0 = Release|Any CPU
		{CB7B35E4-AE7D-42B3-83D1-EA5ACE271369}.Release|Any CPU.Deploy.0 = Release|Any CPU
		{CB7B35E4-AE7D-42B3-83D1-EA5ACE271369}.Release|ARM.ActiveCfg = Release|Any CPU
		{CB7B35E4-AE7D-42B3-83D1-EA5ACE271369}.Release|ARM.Build.0 = Release|Any CPU
		{CB7B35E4-AE7D-42B3-83D1-EA5ACE271369}.Release|ARM.Deploy.0 = Release|Any CPU
		{CB7B35E4-AE7D-42B3-83D1-EA5ACE271369}.Release|iPhone.ActiveCfg = Release|Any CPU
		{CB7B35E4-AE7D-42B3-83D1-EA5ACE271369}.Release|iPhone.Build.0 = Release|Any CPU
		{CB7B35E4-AE7D-42B3-83D1-EA5ACE271369}.Release|iPhone.Deploy.0 = Release|Any CPU
		{CB7B35E4-AE7D-42B3-83D1-EA5ACE271369}.Release|iPhoneSimulator.ActiveCfg = Release|Any CPU
		{CB7B35E4-AE7D-42B3-83D1-EA5ACE271369}.Release|iPhoneSimulator.Build.0 = Release|Any CPU
		{CB7B35E4-AE7D-42B3-83D1-EA5ACE271369}.Release|iPhoneSimulator.Deploy.0 = Release|Any CPU
		{CB7B35E4-AE7D-42B3-83D1-EA5ACE271369}.Release|x64.ActiveCfg = Release|Any CPU
		{CB7B35E4-AE7D-42B3-83D1-EA5ACE271369}.Release|x64.Build.0 = Release|Any CPU
		{CB7B35E4-AE7D-42B3-83D1-EA5ACE271369}.Release|x64.Deploy.0 = Release|Any CPU
		{CB7B35E4-AE7D-42B3-83D1-EA5ACE271369}.Release|x86.ActiveCfg = Release|Any CPU
		{CB7B35E4-AE7D-42B3-83D1-EA5ACE271369}.Release|x86.Build.0 = Release|Any CPU
		{CB7B35E4-AE7D-42B3-83D1-EA5ACE271369}.Release|x86.Deploy.0 = Release|Any CPU
		{27C29314-CC94-4755-B887-97A3E7391981}.Ad-Hoc|Any CPU.ActiveCfg = Ad-Hoc|iPhone
		{27C29314-CC94-4755-B887-97A3E7391981}.Ad-Hoc|ARM.ActiveCfg = Ad-Hoc|iPhone
		{27C29314-CC94-4755-B887-97A3E7391981}.Ad-Hoc|iPhone.ActiveCfg = Ad-Hoc|iPhone
		{27C29314-CC94-4755-B887-97A3E7391981}.Ad-Hoc|iPhone.Build.0 = Ad-Hoc|iPhone
		{27C29314-CC94-4755-B887-97A3E7391981}.Ad-Hoc|iPhoneSimulator.ActiveCfg = Ad-Hoc|iPhoneSimulator
		{27C29314-CC94-4755-B887-97A3E7391981}.Ad-Hoc|iPhoneSimulator.Build.0 = Ad-Hoc|iPhoneSimulator
		{27C29314-CC94-4755-B887-97A3E7391981}.Ad-Hoc|x64.ActiveCfg = Ad-Hoc|iPhone
		{27C29314-CC94-4755-B887-97A3E7391981}.Ad-Hoc|x86.ActiveCfg = Ad-Hoc|iPhone
		{27C29314-CC94-4755-B887-97A3E7391981}.AppStore|Any CPU.ActiveCfg = AppStore|iPhone
		{27C29314-CC94-4755-B887-97A3E7391981}.AppStore|ARM.ActiveCfg = AppStore|iPhone
		{27C29314-CC94-4755-B887-97A3E7391981}.AppStore|iPhone.ActiveCfg = AppStore|iPhone
		{27C29314-CC94-4755-B887-97A3E7391981}.AppStore|iPhone.Build.0 = AppStore|iPhone
		{27C29314-CC94-4755-B887-97A3E7391981}.AppStore|iPhoneSimulator.ActiveCfg = AppStore|iPhoneSimulator
		{27C29314-CC94-4755-B887-97A3E7391981}.AppStore|iPhoneSimulator.Build.0 = AppStore|iPhoneSimulator
		{27C29314-CC94-4755-B887-97A3E7391981}.AppStore|x64.ActiveCfg = AppStore|iPhone
		{27C29314-CC94-4755-B887-97A3E7391981}.AppStore|x86.ActiveCfg = AppStore|iPhone
		{27C29314-CC94-4755-B887-97A3E7391981}.Debug|Any CPU.ActiveCfg = Debug|iPhone
		{27C29314-CC94-4755-B887-97A3E7391981}.Debug|ARM.ActiveCfg = Debug|iPhone
		{27C29314-CC94-4755-B887-97A3E7391981}.Debug|iPhone.ActiveCfg = Debug|iPhone
		{27C29314-CC94-4755-B887-97A3E7391981}.Debug|iPhone.Build.0 = Debug|iPhone
		{27C29314-CC94-4755-B887-97A3E7391981}.Debug|iPhoneSimulator.ActiveCfg = Debug|iPhoneSimulator
		{27C29314-CC94-4755-B887-97A3E7391981}.Debug|iPhoneSimulator.Build.0 = Debug|iPhoneSimulator
		{27C29314-CC94-4755-B887-97A3E7391981}.Debug|x64.ActiveCfg = Debug|iPhone
		{27C29314-CC94-4755-B887-97A3E7391981}.Debug|x86.ActiveCfg = Debug|iPhone
		{27C29314-CC94-4755-B887-97A3E7391981}.Release|Any CPU.ActiveCfg = Release|iPhone
		{27C29314-CC94-4755-B887-97A3E7391981}.Release|ARM.ActiveCfg = Release|iPhone
		{27C29314-CC94-4755-B887-97A3E7391981}.Release|iPhone.ActiveCfg = Release|iPhone
		{27C29314-CC94-4755-B887-97A3E7391981}.Release|iPhone.Build.0 = Release|iPhone
		{27C29314-CC94-4755-B887-97A3E7391981}.Release|iPhoneSimulator.ActiveCfg = Release|iPhoneSimulator
		{27C29314-CC94-4755-B887-97A3E7391981}.Release|iPhoneSimulator.Build.0 = Release|iPhoneSimulator
		{27C29314-CC94-4755-B887-97A3E7391981}.Release|x64.ActiveCfg = Release|iPhone
		{27C29314-CC94-4755-B887-97A3E7391981}.Release|x86.ActiveCfg = Release|iPhone
		{5C063499-1825-49E7-8CB8-76D070D0BFAB}.Ad-Hoc|Any CPU.ActiveCfg = Release|x86
		{5C063499-1825-49E7-8CB8-76D070D0BFAB}.Ad-Hoc|Any CPU.Build.0 = Release|x86
		{5C063499-1825-49E7-8CB8-76D070D0BFAB}.Ad-Hoc|Any CPU.Deploy.0 = Release|x86
		{5C063499-1825-49E7-8CB8-76D070D0BFAB}.Ad-Hoc|ARM.ActiveCfg = Release|ARM
		{5C063499-1825-49E7-8CB8-76D070D0BFAB}.Ad-Hoc|ARM.Build.0 = Release|ARM
		{5C063499-1825-49E7-8CB8-76D070D0BFAB}.Ad-Hoc|ARM.Deploy.0 = Release|ARM
		{5C063499-1825-49E7-8CB8-76D070D0BFAB}.Ad-Hoc|iPhone.ActiveCfg = Release|x86
		{5C063499-1825-49E7-8CB8-76D070D0BFAB}.Ad-Hoc|iPhone.Build.0 = Release|x86
		{5C063499-1825-49E7-8CB8-76D070D0BFAB}.Ad-Hoc|iPhone.Deploy.0 = Release|x86
		{5C063499-1825-49E7-8CB8-76D070D0BFAB}.Ad-Hoc|iPhoneSimulator.ActiveCfg = Release|x86
		{5C063499-1825-49E7-8CB8-76D070D0BFAB}.Ad-Hoc|iPhoneSimulator.Build.0 = Release|x86
		{5C063499-1825-49E7-8CB8-76D070D0BFAB}.Ad-Hoc|iPhoneSimulator.Deploy.0 = Release|x86
		{5C063499-1825-49E7-8CB8-76D070D0BFAB}.Ad-Hoc|x64.ActiveCfg = Release|x64
		{5C063499-1825-49E7-8CB8-76D070D0BFAB}.Ad-Hoc|x64.Build.0 = Release|x64
		{5C063499-1825-49E7-8CB8-76D070D0BFAB}.Ad-Hoc|x64.Deploy.0 = Release|x64
		{5C063499-1825-49E7-8CB8-76D070D0BFAB}.Ad-Hoc|x86.ActiveCfg = Release|x86
		{5C063499-1825-49E7-8CB8-76D070D0BFAB}.Ad-Hoc|x86.Build.0 = Release|x86
		{5C063499-1825-49E7-8CB8-76D070D0BFAB}.Ad-Hoc|x86.Deploy.0 = Release|x86
		{5C063499-1825-49E7-8CB8-76D070D0BFAB}.AppStore|Any CPU.ActiveCfg = Release|x86
		{5C063499-1825-49E7-8CB8-76D070D0BFAB}.AppStore|Any CPU.Build.0 = Release|x86
		{5C063499-1825-49E7-8CB8-76D070D0BFAB}.AppStore|Any CPU.Deploy.0 = Release|x86
		{5C063499-1825-49E7-8CB8-76D070D0BFAB}.AppStore|ARM.ActiveCfg = Release|ARM
		{5C063499-1825-49E7-8CB8-76D070D0BFAB}.AppStore|ARM.Build.0 = Release|ARM
		{5C063499-1825-49E7-8CB8-76D070D0BFAB}.AppStore|ARM.Deploy.0 = Release|ARM
		{5C063499-1825-49E7-8CB8-76D070D0BFAB}.AppStore|iPhone.ActiveCfg = Release|x86
		{5C063499-1825-49E7-8CB8-76D070D0BFAB}.AppStore|iPhone.Build.0 = Release|x86
		{5C063499-1825-49E7-8CB8-76D070D0BFAB}.AppStore|iPhone.Deploy.0 = Release|x86
		{5C063499-1825-49E7-8CB8-76D070D0BFAB}.AppStore|iPhoneSimulator.ActiveCfg = Release|x86
		{5C063499-1825-49E7-8CB8-76D070D0BFAB}.AppStore|iPhoneSimulator.Build.0 = Release|x86
		{5C063499-1825-49E7-8CB8-76D070D0BFAB}.AppStore|iPhoneSimulator.Deploy.0 = Release|x86
		{5C063499-1825-49E7-8CB8-76D070D0BFAB}.AppStore|x64.ActiveCfg = Release|x64
		{5C063499-1825-49E7-8CB8-76D070D0BFAB}.AppStore|x64.Build.0 = Release|x64
		{5C063499-1825-49E7-8CB8-76D070D0BFAB}.AppStore|x64.Deploy.0 = Release|x64
		{5C063499-1825-49E7-8CB8-76D070D0BFAB}.AppStore|x86.ActiveCfg = Release|x86
		{5C063499-1825-49E7-8CB8-76D070D0BFAB}.AppStore|x86.Build.0 = Release|x86
		{5C063499-1825-49E7-8CB8-76D070D0BFAB}.AppStore|x86.Deploy.0 = Release|x86
		{5C063499-1825-49E7-8CB8-76D070D0BFAB}.Debug|Any CPU.ActiveCfg = Debug|x86
		{5C063499-1825-49E7-8CB8-76D070D0BFAB}.Debug|ARM.ActiveCfg = Debug|ARM
		{5C063499-1825-49E7-8CB8-76D070D0BFAB}.Debug|ARM.Build.0 = Debug|ARM
		{5C063499-1825-49E7-8CB8-76D070D0BFAB}.Debug|ARM.Deploy.0 = Debug|ARM
		{5C063499-1825-49E7-8CB8-76D070D0BFAB}.Debug|iPhone.ActiveCfg = Debug|x86
		{5C063499-1825-49E7-8CB8-76D070D0BFAB}.Debug|iPhoneSimulator.ActiveCfg = Debug|x86
		{5C063499-1825-49E7-8CB8-76D070D0BFAB}.Debug|x64.ActiveCfg = Debug|x64
		{5C063499-1825-49E7-8CB8-76D070D0BFAB}.Debug|x64.Build.0 = Debug|x64
		{5C063499-1825-49E7-8CB8-76D070D0BFAB}.Debug|x64.Deploy.0 = Debug|x64
		{5C063499-1825-49E7-8CB8-76D070D0BFAB}.Debug|x86.ActiveCfg = Debug|x86
		{5C063499-1825-49E7-8CB8-76D070D0BFAB}.Debug|x86.Build.0 = Debug|x86
		{5C063499-1825-49E7-8CB8-76D070D0BFAB}.Debug|x86.Deploy.0 = Debug|x86
		{5C063499-1825-49E7-8CB8-76D070D0BFAB}.Release|Any CPU.ActiveCfg = Release|x86
		{5C063499-1825-49E7-8CB8-76D070D0BFAB}.Release|ARM.ActiveCfg = Release|ARM
		{5C063499-1825-49E7-8CB8-76D070D0BFAB}.Release|ARM.Build.0 = Release|ARM
		{5C063499-1825-49E7-8CB8-76D070D0BFAB}.Release|ARM.Deploy.0 = Release|ARM
		{5C063499-1825-49E7-8CB8-76D070D0BFAB}.Release|iPhone.ActiveCfg = Release|x86
		{5C063499-1825-49E7-8CB8-76D070D0BFAB}.Release|iPhoneSimulator.ActiveCfg = Release|x86
		{5C063499-1825-49E7-8CB8-76D070D0BFAB}.Release|x64.ActiveCfg = Release|x64
		{5C063499-1825-49E7-8CB8-76D070D0BFAB}.Release|x64.Build.0 = Release|x64
		{5C063499-1825-49E7-8CB8-76D070D0BFAB}.Release|x64.Deploy.0 = Release|x64
		{5C063499-1825-49E7-8CB8-76D070D0BFAB}.Release|x86.ActiveCfg = Release|x86
		{5C063499-1825-49E7-8CB8-76D070D0BFAB}.Release|x86.Build.0 = Release|x86
		{5C063499-1825-49E7-8CB8-76D070D0BFAB}.Release|x86.Deploy.0 = Release|x86
		{01FEF8AF-BB4E-41E2-A406-663102F82F36}.Ad-Hoc|Any CPU.ActiveCfg = Release|Any CPU
		{01FEF8AF-BB4E-41E2-A406-663102F82F36}.Ad-Hoc|Any CPU.Build.0 = Release|Any CPU
		{01FEF8AF-BB4E-41E2-A406-663102F82F36}.Ad-Hoc|ARM.ActiveCfg = Release|Any CPU
		{01FEF8AF-BB4E-41E2-A406-663102F82F36}.Ad-Hoc|ARM.Build.0 = Release|Any CPU
		{01FEF8AF-BB4E-41E2-A406-663102F82F36}.Ad-Hoc|iPhone.ActiveCfg = Release|Any CPU
		{01FEF8AF-BB4E-41E2-A406-663102F82F36}.Ad-Hoc|iPhone.Build.0 = Release|Any CPU
		{01FEF8AF-BB4E-41E2-A406-663102F82F36}.Ad-Hoc|iPhoneSimulator.ActiveCfg = Release|Any CPU
		{01FEF8AF-BB4E-41E2-A406-663102F82F36}.Ad-Hoc|iPhoneSimulator.Build.0 = Release|Any CPU
		{01FEF8AF-BB4E-41E2-A406-663102F82F36}.Ad-Hoc|x64.ActiveCfg = Release|Any CPU
		{01FEF8AF-BB4E-41E2-A406-663102F82F36}.Ad-Hoc|x64.Build.0 = Release|Any CPU
		{01FEF8AF-BB4E-41E2-A406-663102F82F36}.Ad-Hoc|x86.ActiveCfg = Release|Any CPU
		{01FEF8AF-BB4E-41E2-A406-663102F82F36}.Ad-Hoc|x86.Build.0 = Release|Any CPU
		{01FEF8AF-BB4E-41E2-A406-663102F82F36}.AppStore|Any CPU.ActiveCfg = Release|Any CPU
		{01FEF8AF-BB4E-41E2-A406-663102F82F36}.AppStore|Any CPU.Build.0 = Release|Any CPU
		{01FEF8AF-BB4E-41E2-A406-663102F82F36}.AppStore|ARM.ActiveCfg = Release|Any CPU
		{01FEF8AF-BB4E-41E2-A406-663102F82F36}.AppStore|ARM.Build.0 = Release|Any CPU
		{01FEF8AF-BB4E-41E2-A406-663102F82F36}.AppStore|iPhone.ActiveCfg = Release|Any CPU
		{01FEF8AF-BB4E-41E2-A406-663102F82F36}.AppStore|iPhone.Build.0 = Release|Any CPU
		{01FEF8AF-BB4E-41E2-A406-663102F82F36}.AppStore|iPhoneSimulator.ActiveCfg = Release|Any CPU
		{01FEF8AF-BB4E-41E2-A406-663102F82F36}.AppStore|iPhoneSimulator.Build.0 = Release|Any CPU
		{01FEF8AF-BB4E-41E2-A406-663102F82F36}.AppStore|x64.ActiveCfg = Release|Any CPU
		{01FEF8AF-BB4E-41E2-A406-663102F82F36}.AppStore|x64.Build.0 = Release|Any CPU
		{01FEF8AF-BB4E-41E2-A406-663102F82F36}.AppStore|x86.ActiveCfg = Release|Any CPU
		{01FEF8AF-BB4E-41E2-A406-663102F82F36}.AppStore|x86.Build.0 = Release|Any CPU
		{01FEF8AF-BB4E-41E2-A406-663102F82F36}.Debug|Any CPU.ActiveCfg = Debug|Any CPU
		{01FEF8AF-BB4E-41E2-A406-663102F82F36}.Debug|Any CPU.Build.0 = Debug|Any CPU
		{01FEF8AF-BB4E-41E2-A406-663102F82F36}.Debug|ARM.ActiveCfg = Debug|Any CPU
		{01FEF8AF-BB4E-41E2-A406-663102F82F36}.Debug|ARM.Build.0 = Debug|Any CPU
		{01FEF8AF-BB4E-41E2-A406-663102F82F36}.Debug|iPhone.ActiveCfg = Debug|Any CPU
		{01FEF8AF-BB4E-41E2-A406-663102F82F36}.Debug|iPhone.Build.0 = Debug|Any CPU
		{01FEF8AF-BB4E-41E2-A406-663102F82F36}.Debug|iPhoneSimulator.ActiveCfg = Debug|Any CPU
		{01FEF8AF-BB4E-41E2-A406-663102F82F36}.Debug|iPhoneSimulator.Build.0 = Debug|Any CPU
		{01FEF8AF-BB4E-41E2-A406-663102F82F36}.Debug|x64.ActiveCfg = Debug|Any CPU
		{01FEF8AF-BB4E-41E2-A406-663102F82F36}.Debug|x64.Build.0 = Debug|Any CPU
		{01FEF8AF-BB4E-41E2-A406-663102F82F36}.Debug|x86.ActiveCfg = Debug|Any CPU
		{01FEF8AF-BB4E-41E2-A406-663102F82F36}.Debug|x86.Build.0 = Debug|Any CPU
		{01FEF8AF-BB4E-41E2-A406-663102F82F36}.Release|Any CPU.ActiveCfg = Release|Any CPU
		{01FEF8AF-BB4E-41E2-A406-663102F82F36}.Release|Any CPU.Build.0 = Release|Any CPU
		{01FEF8AF-BB4E-41E2-A406-663102F82F36}.Release|ARM.ActiveCfg = Release|Any CPU
		{01FEF8AF-BB4E-41E2-A406-663102F82F36}.Release|ARM.Build.0 = Release|Any CPU
		{01FEF8AF-BB4E-41E2-A406-663102F82F36}.Release|iPhone.ActiveCfg = Release|Any CPU
		{01FEF8AF-BB4E-41E2-A406-663102F82F36}.Release|iPhone.Build.0 = Release|Any CPU
		{01FEF8AF-BB4E-41E2-A406-663102F82F36}.Release|iPhoneSimulator.ActiveCfg = Release|Any CPU
		{01FEF8AF-BB4E-41E2-A406-663102F82F36}.Release|iPhoneSimulator.Build.0 = Release|Any CPU
		{01FEF8AF-BB4E-41E2-A406-663102F82F36}.Release|x64.ActiveCfg = Release|Any CPU
		{01FEF8AF-BB4E-41E2-A406-663102F82F36}.Release|x64.Build.0 = Release|Any CPU
		{01FEF8AF-BB4E-41E2-A406-663102F82F36}.Release|x86.ActiveCfg = Release|Any CPU
		{01FEF8AF-BB4E-41E2-A406-663102F82F36}.Release|x86.Build.0 = Release|Any CPU
	EndGlobalSection
	GlobalSection(SolutionProperties) = preSolution
		HideSolutionNode = FALSE
	EndGlobalSection
EndGlobal
